
Microsoft Visual Studio Solution File, Format Version 12.00
# Visual Studio 15
VisualStudioVersion = 15.0.28307.136
MinimumVisualStudioVersion = 10.0.40219.1
Project("{888888A0-9F3D-457C-B088-3A5042F75D52}") = "MNIST", "MNIST\MNIST.pyproj", "{1C0D0DB1-5BAE-4F1F-B6AF-6226CDFA0139}"
EndProject
Global
	GlobalSection(SolutionConfigurationPlatforms) = preSolution
		Debug|Any CPU = Debug|Any CPU
		Release|Any CPU = Release|Any CPU
	EndGlobalSection
	GlobalSection(ProjectConfigurationPlatforms) = postSolution
		{1C0D0DB1-5BAE-4F1F-B6AF-6226CDFA0139}.Debug|Any CPU.ActiveCfg = Debug|Any CPU
		{1C0D0DB1-5BAE-4F1F-B6AF-6226CDFA0139}.Release|Any CPU.ActiveCfg = Release|Any CPU
	EndGlobalSection
	GlobalSection(SolutionProperties) = preSolution
		HideSolutionNode = FALSE
	EndGlobalSection
	GlobalSection(ExtensibilityGlobals) = postSolution
		SolutionGuid = {5E99DC5F-4155-4237-A377-AAFD2042D22E}
	EndGlobalSection
EndGlobal
